# This file is autogenerated, do not edit; changes may be undone by the next 'dep ensure'.


[[projects]]
  name = "github.com/davecgh/go-spew"
  packages = ["spew"]
  revision = "346938d642f2ec3594ed81d874461961cd0faa76"
  version = "v1.1.0"

[[projects]]
  branch = "master"
  name = "github.com/jawher/mow.cli"
  packages = ["."]
  revision = "a6088643acff58732aead67c465ed09c334c5697"

[[projects]]
  name = "github.com/pmezard/go-difflib"
  packages = ["difflib"]
  revision = "792786c7400a136282c1664665ae0a8db921c6c2"
  version = "v1.0.0"

[[projects]]
  branch = "master"
  name = "github.com/stretchr/testify"
  packages = ["assert"]
  revision = "05e8a0eda380579888eb53c394909df027f06991"

[solve-meta]
  analyzer-name = "dep"
  analyzer-version = 1
  inputs-digest = "1338c82f01621a7fcb9539f3a24ed308e8a24660d8be49ae281ce4e1f415b085"
  solver-name = "gps-cdcl"
  solver-version = 1
